// !$*UTF8*$!
{
	archiveVersion = 1;
	classes = {
	};
	objectVersion = 52;
	objects = {

/* Begin PBXBuildFile section */
		2358106E27089AA400D38734 /* Assets.xcassets in Resources */ = {isa = PBXBuildFile; fileRef = 2358106D27089AA400D38734 /* Assets.xcassets */; };
		D4C40A6D270851EC0099CF28 /* FirebaseAnalytics in Frameworks */ = {isa = PBXBuildFile; productRef = D4C40A6C270851EC0099CF28 /* FirebaseAnalytics */; };
		D4C40A6F270851EC0099CF28 /* FirebaseAnalyticsSwift-Beta in Frameworks */ = {isa = PBXBuildFile; productRef = D4C40A6E270851EC0099CF28 /* FirebaseAnalyticsSwift-Beta */; };
		D4C40A71270851EC0099CF28 /* FirebaseCrashlytics in Frameworks */ = {isa = PBXBuildFile; productRef = D4C40A70270851EC0099CF28 /* FirebaseCrashlytics */; };
		E32DE09727083A3A00A359FC /* AppDelegate.swift in Sources */ = {isa = PBXBuildFile; fileRef = E32DE09627083A3A00A359FC /* AppDelegate.swift */; };
		E32DE09927083A3A00A359FC /* SceneDelegate.swift in Sources */ = {isa = PBXBuildFile; fileRef = E32DE09827083A3A00A359FC /* SceneDelegate.swift */; };
		E32DE09B27083A3A00A359FC /* ViewController.swift in Sources */ = {isa = PBXBuildFile; fileRef = E32DE09A27083A3A00A359FC /* ViewController.swift */; };
		E32DE09E27083A3A00A359FC /* Main.storyboard in Resources */ = {isa = PBXBuildFile; fileRef = E32DE09C27083A3A00A359FC /* Main.storyboard */; };
		E32DE0A327083A3B00A359FC /* LaunchScreen.storyboard in Resources */ = {isa = PBXBuildFile; fileRef = E32DE0A127083A3B00A359FC /* LaunchScreen.storyboard */; };
		E32DE0B027083B9100A359FC /* .swiftlint.yml in Resources */ = {isa = PBXBuildFile; fileRef = E32DE0AF27083B9100A359FC /* .swiftlint.yml */; };
		E32DE0C127084D9200A359FC /* Kingfisher in Frameworks */ = {isa = PBXBuildFile; productRef = E32DE0C027084D9200A359FC /* Kingfisher */; };
		E32DE0C527084DEF00A359FC /* CombineMoya in Frameworks */ = {isa = PBXBuildFile; productRef = E32DE0C427084DEF00A359FC /* CombineMoya */; };
		E32DE0C727084DEF00A359FC /* Moya in Frameworks */ = {isa = PBXBuildFile; productRef = E32DE0C627084DEF00A359FC /* Moya */; };
		E32DE0CB27084E2C00A359FC /* Then in Frameworks */ = {isa = PBXBuildFile; productRef = E32DE0CA27084E2C00A359FC /* Then */; };
/* End PBXBuildFile section */

/* Begin PBXFileReference section */
		2358106D27089AA400D38734 /* Assets.xcassets */ = {isa = PBXFileReference; lastKnownFileType = folder.assetcatalog; path = Assets.xcassets; sourceTree = "<group>"; };
		E32DE09327083A3A00A359FC /* Seehyang-iOS.app */ = {isa = PBXFileReference; explicitFileType = wrapper.application; includeInIndex = 0; path = "Seehyang-iOS.app"; sourceTree = BUILT_PRODUCTS_DIR; };
		E32DE09627083A3A00A359FC /* AppDelegate.swift */ = {isa = PBXFileReference; lastKnownFileType = sourcecode.swift; path = AppDelegate.swift; sourceTree = "<group>"; };
		E32DE09827083A3A00A359FC /* SceneDelegate.swift */ = {isa = PBXFileReference; lastKnownFileType = sourcecode.swift; path = SceneDelegate.swift; sourceTree = "<group>"; };
		E32DE09A27083A3A00A359FC /* ViewController.swift */ = {isa = PBXFileReference; lastKnownFileType = sourcecode.swift; path = ViewController.swift; sourceTree = "<group>"; };
		E32DE09D27083A3A00A359FC /* Base */ = {isa = PBXFileReference; lastKnownFileType = file.storyboard; name = Base; path = Base.lproj/Main.storyboard; sourceTree = "<group>"; };
		E32DE0A227083A3B00A359FC /* Base */ = {isa = PBXFileReference; lastKnownFileType = file.storyboard; name = Base; path = Base.lproj/LaunchScreen.storyboard; sourceTree = "<group>"; };
		E32DE0A427083A3B00A359FC /* Info.plist */ = {isa = PBXFileReference; lastKnownFileType = text.plist.xml; path = Info.plist; sourceTree = "<group>"; };
		E32DE0AF27083B9100A359FC /* .swiftlint.yml */ = {isa = PBXFileReference; lastKnownFileType = text.yaml; path = .swiftlint.yml; sourceTree = "<group>"; };
/* End PBXFileReference section */

/* Begin PBXFrameworksBuildPhase section */
		E32DE09027083A3A00A359FC /* Frameworks */ = {
			isa = PBXFrameworksBuildPhase;
			buildActionMask = 2147483647;
			files = (
				D4C40A6F270851EC0099CF28 /* FirebaseAnalyticsSwift-Beta in Frameworks */,
				E32DE0C527084DEF00A359FC /* CombineMoya in Frameworks */,
				E32DE0C127084D9200A359FC /* Kingfisher in Frameworks */,
				D4C40A71270851EC0099CF28 /* FirebaseCrashlytics in Frameworks */,
				E32DE0C727084DEF00A359FC /* Moya in Frameworks */,
				D4C40A6D270851EC0099CF28 /* FirebaseAnalytics in Frameworks */,
				E32DE0CB27084E2C00A359FC /* Then in Frameworks */,
			);
			runOnlyForDeploymentPostprocessing = 0;
		};
/* End PBXFrameworksBuildPhase section */

/* Begin PBXGroup section */
		2358106C27089AA400D38734 /* Resources */ = {
			isa = PBXGroup;
			children = (
				2358106D27089AA400D38734 /* Assets.xcassets */,
			);
			path = Resources;
			sourceTree = "<group>";
		};
		2358106F27089D1600D38734 /* PerfumeDetail */ = {
			isa = PBXGroup;
			children = (
			);
			path = PerfumeDetail;
			sourceTree = "<group>";
		};
		2358107027089E3D00D38734 /* Extensions */ = {
			isa = PBXGroup;
			children = (
			);
			path = Extensions;
			sourceTree = "<group>";
		};
		D4C40A6227084A9F0099CF28 /* Supporting Files */ = {
			isa = PBXGroup;
			children = (
				2358107027089E3D00D38734 /* Extensions */,
				E32DE0A427083A3B00A359FC /* Info.plist */,
				2358106C27089AA400D38734 /* Resources */,
			);
			path = "Supporting Files";
			sourceTree = "<group>";
		};
		D4C40A6A27084FE20099CF28 /* Sources */ = {
			isa = PBXGroup;
			children = (
				2358106F27089D1600D38734 /* PerfumeDetail */,
			);
			name = Sources;
			path = "Supporting Files";
			sourceTree = "<group>";
		};
		E32DE08A27083A3900A359FC = {
			isa = PBXGroup;
			children = (
				E32DE0AF27083B9100A359FC /* .swiftlint.yml */,
				E32DE09527083A3A00A359FC /* Seehyang-iOS */,
				E32DE09427083A3A00A359FC /* Products */,
			);
			sourceTree = "<group>";
		};
		E32DE09427083A3A00A359FC /* Products */ = {
			isa = PBXGroup;
			children = (
				E32DE09327083A3A00A359FC /* Seehyang-iOS.app */,
			);
			name = Products;
			sourceTree = "<group>";
		};
		E32DE09527083A3A00A359FC /* Seehyang-iOS */ = {
			isa = PBXGroup;
			children = (
				D4C40A6A27084FE20099CF28 /* Sources */,
				D4C40A6227084A9F0099CF28 /* Supporting Files */,
				E32DE09627083A3A00A359FC /* AppDelegate.swift */,
				E32DE09827083A3A00A359FC /* SceneDelegate.swift */,
				E32DE09A27083A3A00A359FC /* ViewController.swift */,
				E32DE09C27083A3A00A359FC /* Main.storyboard */,
				E32DE0A127083A3B00A359FC /* LaunchScreen.storyboard */,
			);
			path = "Seehyang-iOS";
			sourceTree = "<group>";
		};
/* End PBXGroup section */

/* Begin PBXNativeTarget section */
		E32DE09227083A3A00A359FC /* Seehyang-iOS */ = {
			isa = PBXNativeTarget;
			buildConfigurationList = E32DE0A727083A3B00A359FC /* Build configuration list for PBXNativeTarget "Seehyang-iOS" */;
			buildPhases = (
				E32DE0AE27083B3000A359FC /* SwiftLint Script */,
				E32DE08F27083A3A00A359FC /* Sources */,
				E32DE09027083A3A00A359FC /* Frameworks */,
				E32DE09127083A3A00A359FC /* Resources */,
			);
			buildRules = (
			);
			dependencies = (
			);
			name = "Seehyang-iOS";
			packageProductDependencies = (
				E32DE0C027084D9200A359FC /* Kingfisher */,
				E32DE0C427084DEF00A359FC /* CombineMoya */,
				E32DE0C627084DEF00A359FC /* Moya */,
				E32DE0CA27084E2C00A359FC /* Then */,
				D4C40A6C270851EC0099CF28 /* FirebaseAnalytics */,
				D4C40A6E270851EC0099CF28 /* FirebaseAnalyticsSwift-Beta */,
				D4C40A70270851EC0099CF28 /* FirebaseCrashlytics */,
			);
			productName = "Seehyang-iOS";
			productReference = E32DE09327083A3A00A359FC /* Seehyang-iOS.app */;
			productType = "com.apple.product-type.application";
		};
/* End PBXNativeTarget section */

/* Begin PBXProject section */
		E32DE08B27083A3900A359FC /* Project object */ = {
			isa = PBXProject;
			attributes = {
				LastSwiftUpdateCheck = 1240;
				LastUpgradeCheck = 1240;
				TargetAttributes = {
					E32DE09227083A3A00A359FC = {
						CreatedOnToolsVersion = 12.4;
					};
				};
			};
			buildConfigurationList = E32DE08E27083A3900A359FC /* Build configuration list for PBXProject "Seehyang-iOS" */;
			compatibilityVersion = "Xcode 9.3";
			developmentRegion = en;
			hasScannedForEncodings = 0;
			knownRegions = (
				en,
				Base,
			);
			mainGroup = E32DE08A27083A3900A359FC;
			packageReferences = (
				E32DE0BF27084D9200A359FC /* XCRemoteSwiftPackageReference "Kingfisher" */,
				E32DE0C327084DEF00A359FC /* XCRemoteSwiftPackageReference "Moya" */,
				E32DE0C927084E2C00A359FC /* XCRemoteSwiftPackageReference "Then" */,
				D4C40A6B270851EC0099CF28 /* XCRemoteSwiftPackageReference "firebase-ios-sdk" */,
			);
			productRefGroup = E32DE09427083A3A00A359FC /* Products */;
			projectDirPath = "";
			projectRoot = "";
			targets = (
				E32DE09227083A3A00A359FC /* Seehyang-iOS */,
			);
		};
/* End PBXProject section */

/* Begin PBXResourcesBuildPhase section */
		E32DE09127083A3A00A359FC /* Resources */ = {
			isa = PBXResourcesBuildPhase;
			buildActionMask = 2147483647;
			files = (
				E32DE0B027083B9100A359FC /* .swiftlint.yml in Resources */,
				E32DE0A327083A3B00A359FC /* LaunchScreen.storyboard in Resources */,
				2358106E27089AA400D38734 /* Assets.xcassets in Resources */,
				E32DE09E27083A3A00A359FC /* Main.storyboard in Resources */,
			);
			runOnlyForDeploymentPostprocessing = 0;
		};
/* End PBXResourcesBuildPhase section */

/* Begin PBXShellScriptBuildPhase section */
		E32DE0AE27083B3000A359FC /* SwiftLint Script */ = {
			isa = PBXShellScriptBuildPhase;
			buildActionMask = 2147483647;
			files = (
			);
			inputFileListPaths = (
			);
			inputPaths = (
			);
			name = "SwiftLint Script";
			outputFileListPaths = (
			);
			outputPaths = (
			);
			runOnlyForDeploymentPostprocessing = 0;
			shellPath = /bin/sh;
			shellScript = "if which swiftlint >/dev/null; then\n  swiftlint\nelse\n  echo \"warning: SwiftLint not installed, download from https://github.com/realm/SwiftLint\"\nfi\n";
		};
/* End PBXShellScriptBuildPhase section */

/* Begin PBXSourcesBuildPhase section */
		E32DE08F27083A3A00A359FC /* Sources */ = {
			isa = PBXSourcesBuildPhase;
			buildActionMask = 2147483647;
			files = (
				E32DE09B27083A3A00A359FC /* ViewController.swift in Sources */,
				E32DE09727083A3A00A359FC /* AppDelegate.swift in Sources */,
				E32DE09927083A3A00A359FC /* SceneDelegate.swift in Sources */,
			);
			runOnlyForDeploymentPostprocessing = 0;
		};
/* End PBXSourcesBuildPhase section */

/* Begin PBXVariantGroup section */
		E32DE09C27083A3A00A359FC /* Main.storyboard */ = {
			isa = PBXVariantGroup;
			children = (
				E32DE09D27083A3A00A359FC /* Base */,
			);
			name = Main.storyboard;
			sourceTree = "<group>";
		};
		E32DE0A127083A3B00A359FC /* LaunchScreen.storyboard */ = {
			isa = PBXVariantGroup;
			children = (
				E32DE0A227083A3B00A359FC /* Base */,
			);
			name = LaunchScreen.storyboard;
			sourceTree = "<group>";
		};
/* End PBXVariantGroup section */

/* Begin XCBuildConfiguration section */
		E32DE0A527083A3B00A359FC /* Debug */ = {
			isa = XCBuildConfiguration;
			buildSettings = {
				ALWAYS_SEARCH_USER_PATHS = NO;
				CLANG_ANALYZER_NONNULL = YES;
				CLANG_ANALYZER_NUMBER_OBJECT_CONVERSION = YES_AGGRESSIVE;
				CLANG_CXX_LANGUAGE_STANDARD = "gnu++14";
				CLANG_CXX_LIBRARY = "libc++";
				CLANG_ENABLE_MODULES = YES;
				CLANG_ENABLE_OBJC_ARC = YES;
				CLANG_ENABLE_OBJC_WEAK = YES;
				CLANG_WARN_BLOCK_CAPTURE_AUTORELEASING = YES;
				CLANG_WARN_BOOL_CONVERSION = YES;
				CLANG_WARN_COMMA = YES;
				CLANG_WARN_CONSTANT_CONVERSION = YES;
				CLANG_WARN_DEPRECATED_OBJC_IMPLEMENTATIONS = YES;
				CLANG_WARN_DIRECT_OBJC_ISA_USAGE = YES_ERROR;
				CLANG_WARN_DOCUMENTATION_COMMENTS = YES;
				CLANG_WARN_EMPTY_BODY = YES;
				CLANG_WARN_ENUM_CONVERSION = YES;
				CLANG_WARN_INFINITE_RECURSION = YES;
				CLANG_WARN_INT_CONVERSION = YES;
				CLANG_WARN_NON_LITERAL_NULL_CONVERSION = YES;
				CLANG_WARN_OBJC_IMPLICIT_RETAIN_SELF = YES;
				CLANG_WARN_OBJC_LITERAL_CONVERSION = YES;
				CLANG_WARN_OBJC_ROOT_CLASS = YES_ERROR;
				CLANG_WARN_QUOTED_INCLUDE_IN_FRAMEWORK_HEADER = YES;
				CLANG_WARN_RANGE_LOOP_ANALYSIS = YES;
				CLANG_WARN_STRICT_PROTOTYPES = YES;
				CLANG_WARN_SUSPICIOUS_MOVE = YES;
				CLANG_WARN_UNGUARDED_AVAILABILITY = YES_AGGRESSIVE;
				CLANG_WARN_UNREACHABLE_CODE = YES;
				CLANG_WARN__DUPLICATE_METHOD_MATCH = YES;
				COPY_PHASE_STRIP = NO;
				DEBUG_INFORMATION_FORMAT = dwarf;
				ENABLE_STRICT_OBJC_MSGSEND = YES;
				ENABLE_TESTABILITY = YES;
				GCC_C_LANGUAGE_STANDARD = gnu11;
				GCC_DYNAMIC_NO_PIC = NO;
				GCC_NO_COMMON_BLOCKS = YES;
				GCC_OPTIMIZATION_LEVEL = 0;
				GCC_PREPROCESSOR_DEFINITIONS = (
					"DEBUG=1",
					"$(inherited)",
				);
				GCC_WARN_64_TO_32_BIT_CONVERSION = YES;
				GCC_WARN_ABOUT_RETURN_TYPE = YES_ERROR;
				GCC_WARN_UNDECLARED_SELECTOR = YES;
				GCC_WARN_UNINITIALIZED_AUTOS = YES_AGGRESSIVE;
				GCC_WARN_UNUSED_FUNCTION = YES;
				GCC_WARN_UNUSED_VARIABLE = YES;
				IPHONEOS_DEPLOYMENT_TARGET = 14.4;
				MTL_ENABLE_DEBUG_INFO = INCLUDE_SOURCE;
				MTL_FAST_MATH = YES;
				ONLY_ACTIVE_ARCH = YES;
				SDKROOT = iphoneos;
				SWIFT_ACTIVE_COMPILATION_CONDITIONS = DEBUG;
				SWIFT_OPTIMIZATION_LEVEL = "-Onone";
			};
			name = Debug;
		};
		E32DE0A627083A3B00A359FC /* Release */ = {
			isa = XCBuildConfiguration;
			buildSettings = {
				ALWAYS_SEARCH_USER_PATHS = NO;
				CLANG_ANALYZER_NONNULL = YES;
				CLANG_ANALYZER_NUMBER_OBJECT_CONVERSION = YES_AGGRESSIVE;
				CLANG_CXX_LANGUAGE_STANDARD = "gnu++14";
				CLANG_CXX_LIBRARY = "libc++";
				CLANG_ENABLE_MODULES = YES;
				CLANG_ENABLE_OBJC_ARC = YES;
				CLANG_ENABLE_OBJC_WEAK = YES;
				CLANG_WARN_BLOCK_CAPTURE_AUTORELEASING = YES;
				CLANG_WARN_BOOL_CONVERSION = YES;
				CLANG_WARN_COMMA = YES;
				CLANG_WARN_CONSTANT_CONVERSION = YES;
				CLANG_WARN_DEPRECATED_OBJC_IMPLEMENTATIONS = YES;
				CLANG_WARN_DIRECT_OBJC_ISA_USAGE = YES_ERROR;
				CLANG_WARN_DOCUMENTATION_COMMENTS = YES;
				CLANG_WARN_EMPTY_BODY = YES;
				CLANG_WARN_ENUM_CONVERSION = YES;
				CLANG_WARN_INFINITE_RECURSION = YES;
				CLANG_WARN_INT_CONVERSION = YES;
				CLANG_WARN_NON_LITERAL_NULL_CONVERSION = YES;
				CLANG_WARN_OBJC_IMPLICIT_RETAIN_SELF = YES;
				CLANG_WARN_OBJC_LITERAL_CONVERSION = YES;
				CLANG_WARN_OBJC_ROOT_CLASS = YES_ERROR;
				CLANG_WARN_QUOTED_INCLUDE_IN_FRAMEWORK_HEADER = YES;
				CLANG_WARN_RANGE_LOOP_ANALYSIS = YES;
				CLANG_WARN_STRICT_PROTOTYPES = YES;
				CLANG_WARN_SUSPICIOUS_MOVE = YES;
				CLANG_WARN_UNGUARDED_AVAILABILITY = YES_AGGRESSIVE;
				CLANG_WARN_UNREACHABLE_CODE = YES;
				CLANG_WARN__DUPLICATE_METHOD_MATCH = YES;
				COPY_PHASE_STRIP = NO;
				DEBUG_INFORMATION_FORMAT = "dwarf-with-dsym";
				ENABLE_NS_ASSERTIONS = NO;
				ENABLE_STRICT_OBJC_MSGSEND = YES;
				GCC_C_LANGUAGE_STANDARD = gnu11;
				GCC_NO_COMMON_BLOCKS = YES;
				GCC_WARN_64_TO_32_BIT_CONVERSION = YES;
				GCC_WARN_ABOUT_RETURN_TYPE = YES_ERROR;
				GCC_WARN_UNDECLARED_SELECTOR = YES;
				GCC_WARN_UNINITIALIZED_AUTOS = YES_AGGRESSIVE;
				GCC_WARN_UNUSED_FUNCTION = YES;
				GCC_WARN_UNUSED_VARIABLE = YES;
				IPHONEOS_DEPLOYMENT_TARGET = 14.4;
				MTL_ENABLE_DEBUG_INFO = NO;
				MTL_FAST_MATH = YES;
				SDKROOT = iphoneos;
				SWIFT_COMPILATION_MODE = wholemodule;
				SWIFT_OPTIMIZATION_LEVEL = "-O";
				VALIDATE_PRODUCT = YES;
			};
			name = Release;
		};
		E32DE0A827083A3B00A359FC /* Debug */ = {
			isa = XCBuildConfiguration;
			buildSettings = {
				ASSETCATALOG_COMPILER_APPICON_NAME = AppIcon;
				ASSETCATALOG_COMPILER_GLOBAL_ACCENT_COLOR_NAME = AccentColor;
				CODE_SIGN_STYLE = Automatic;
				INFOPLIST_FILE = "Seehyang-iOS/Supporting Files/Info.plist";
				LD_RUNPATH_SEARCH_PATHS = (
					"$(inherited)",
					"@executable_path/Frameworks",
				);
				PRODUCT_BUNDLE_IDENTIFIER = "Seehyang.Seehyang-iOS";
				PRODUCT_NAME = "$(TARGET_NAME)";
				SWIFT_VERSION = 5.0;
				TARGETED_DEVICE_FAMILY = "1,2";
			};
			name = Debug;
		};
		E32DE0A927083A3B00A359FC /* Release */ = {
			isa = XCBuildConfiguration;
			buildSettings = {
				ASSETCATALOG_COMPILER_APPICON_NAME = AppIcon;
				ASSETCATALOG_COMPILER_GLOBAL_ACCENT_COLOR_NAME = AccentColor;
				CODE_SIGN_STYLE = Automatic;
				INFOPLIST_FILE = "Seehyang-iOS/Supporting Files/Info.plist";
				LD_RUNPATH_SEARCH_PATHS = (
					"$(inherited)",
					"@executable_path/Frameworks",
				);
				PRODUCT_BUNDLE_IDENTIFIER = "Seehyang.Seehyang-iOS";
				PRODUCT_NAME = "$(TARGET_NAME)";
				SWIFT_VERSION = 5.0;
				TARGETED_DEVICE_FAMILY = "1,2";
			};
			name = Release;
		};
/* End XCBuildConfiguration section */

/* Begin XCConfigurationList section */
		E32DE08E27083A3900A359FC /* Build configuration list for PBXProject "Seehyang-iOS" */ = {
			isa = XCConfigurationList;
			buildConfigurations = (
				E32DE0A527083A3B00A359FC /* Debug */,
				E32DE0A627083A3B00A359FC /* Release */,
			);
			defaultConfigurationIsVisible = 0;
			defaultConfigurationName = Release;
		};
		E32DE0A727083A3B00A359FC /* Build configuration list for PBXNativeTarget "Seehyang-iOS" */ = {
			isa = XCConfigurationList;
			buildConfigurations = (
				E32DE0A827083A3B00A359FC /* Debug */,
				E32DE0A927083A3B00A359FC /* Release */,
			);
			defaultConfigurationIsVisible = 0;
			defaultConfigurationName = Release;
		};
/* End XCConfigurationList section */

/* Begin XCRemoteSwiftPackageReference section */
		D4C40A6B270851EC0099CF28 /* XCRemoteSwiftPackageReference "firebase-ios-sdk" */ = {
			isa = XCRemoteSwiftPackageReference;
			repositoryURL = "https://github.com/firebase/firebase-ios-sdk.git";
			requirement = {
				kind = upToNextMajorVersion;
				minimumVersion = 7.0.0;
			};
		};
		E32DE0BF27084D9200A359FC /* XCRemoteSwiftPackageReference "Kingfisher" */ = {
			isa = XCRemoteSwiftPackageReference;
			repositoryURL = "https://github.com/onevcat/Kingfisher.git";
			requirement = {
				kind = upToNextMajorVersion;
				minimumVersion = 7.0.0;
			};
		};
		E32DE0C327084DEF00A359FC /* XCRemoteSwiftPackageReference "Moya" */ = {
			isa = XCRemoteSwiftPackageReference;
			repositoryURL = "https://github.com/Moya/Moya.git";
			requirement = {
				kind = upToNextMajorVersion;
				minimumVersion = 15.0.0;
			};
		};
		E32DE0C927084E2C00A359FC /* XCRemoteSwiftPackageReference "Then" */ = {
			isa = XCRemoteSwiftPackageReference;
			repositoryURL = "https://github.com/devxoul/Then";
			requirement = {
				kind = upToNextMajorVersion;
				minimumVersion = 2.7.0;
			};
		};
/* End XCRemoteSwiftPackageReference section */

/* Begin XCSwiftPackageProductDependency section */
		D4C40A6C270851EC0099CF28 /* FirebaseAnalytics */ = {
			isa = XCSwiftPackageProductDependency;
			package = D4C40A6B270851EC0099CF28 /* XCRemoteSwiftPackageReference "firebase-ios-sdk" */;
			productName = FirebaseAnalytics;
		};
		D4C40A6E270851EC0099CF28 /* FirebaseAnalyticsSwift-Beta */ = {
			isa = XCSwiftPackageProductDependency;
			package = D4C40A6B270851EC0099CF28 /* XCRemoteSwiftPackageReference "firebase-ios-sdk" */;
			productName = "FirebaseAnalyticsSwift-Beta";
		};
		D4C40A70270851EC0099CF28 /* FirebaseCrashlytics */ = {
			isa = XCSwiftPackageProductDependency;
			package = D4C40A6B270851EC0099CF28 /* XCRemoteSwiftPackageReference "firebase-ios-sdk" */;
			productName = FirebaseCrashlytics;
		};
		E32DE0C027084D9200A359FC /* Kingfisher */ = {
			isa = XCSwiftPackageProductDependency;
			package = E32DE0BF27084D9200A359FC /* XCRemoteSwiftPackageReference "Kingfisher" */;
			productName = Kingfisher;
		};
		E32DE0C427084DEF00A359FC /* CombineMoya */ = {
			isa = XCSwiftPackageProductDependency;
			package = E32DE0C327084DEF00A359FC /* XCRemoteSwiftPackageReference "Moya" */;
			productName = CombineMoya;
		};
		E32DE0C627084DEF00A359FC /* Moya */ = {
			isa = XCSwiftPackageProductDependency;
			package = E32DE0C327084DEF00A359FC /* XCRemoteSwiftPackageReference "Moya" */;
			productName = Moya;
		};
		E32DE0CA27084E2C00A359FC /* Then */ = {
			isa = XCSwiftPackageProductDependency;
			package = E32DE0C927084E2C00A359FC /* XCRemoteSwiftPackageReference "Then" */;
			productName = Then;
		};
/* End XCSwiftPackageProductDependency section */
	};
	rootObject = E32DE08B27083A3900A359FC /* Project object */;
}
