// !$*UTF8*$!
{
	archiveVersion = 1;
	classes = {
	};
	objectVersion = 55;
	objects = {

/* Begin PBXBuildFile section */
		D4523AC42708367A00B19A8C /* AppDelegate.swift in Sources */ = {isa = PBXBuildFile; fileRef = D4523AC32708367A00B19A8C /* AppDelegate.swift */; };
		D4523AC62708367A00B19A8C /* SceneDelegate.swift in Sources */ = {isa = PBXBuildFile; fileRef = D4523AC52708367A00B19A8C /* SceneDelegate.swift */; };
		D4523AC82708367A00B19A8C /* ViewController.swift in Sources */ = {isa = PBXBuildFile; fileRef = D4523AC72708367A00B19A8C /* ViewController.swift */; };
		D4523ACB2708367A00B19A8C /* Main.storyboard in Resources */ = {isa = PBXBuildFile; fileRef = D4523AC92708367A00B19A8C /* Main.storyboard */; };
		D4523ACD2708367B00B19A8C /* Assets.xcassets in Resources */ = {isa = PBXBuildFile; fileRef = D4523ACC2708367B00B19A8C /* Assets.xcassets */; };
		D4523AD02708367B00B19A8C /* LaunchScreen.storyboard in Resources */ = {isa = PBXBuildFile; fileRef = D4523ACE2708367B00B19A8C /* LaunchScreen.storyboard */; };
		D4523AD9270836DD00B19A8C /* CombineMoya in Frameworks */ = {isa = PBXBuildFile; productRef = D4523AD8270836DD00B19A8C /* CombineMoya */; };
		D4523ADB270836DD00B19A8C /* Moya in Frameworks */ = {isa = PBXBuildFile; productRef = D4523ADA270836DD00B19A8C /* Moya */; };
		D4523ADE270836EB00B19A8C /* Kingfisher in Frameworks */ = {isa = PBXBuildFile; productRef = D4523ADD270836EB00B19A8C /* Kingfisher */; };
		D4523AE1270836FA00B19A8C /* Then in Frameworks */ = {isa = PBXBuildFile; productRef = D4523AE0270836FA00B19A8C /* Then */; };
		D4523AE3270837B200B19A8C /* .swiftlint.yml in Resources */ = {isa = PBXBuildFile; fileRef = D4523AE2270837B200B19A8C /* .swiftlint.yml */; };
/* End PBXBuildFile section */

/* Begin PBXFileReference section */
		D4523AC02708367A00B19A8C /* Seehyang.app */ = {isa = PBXFileReference; explicitFileType = wrapper.application; includeInIndex = 0; path = Seehyang.app; sourceTree = BUILT_PRODUCTS_DIR; };
		D4523AC32708367A00B19A8C /* AppDelegate.swift */ = {isa = PBXFileReference; lastKnownFileType = sourcecode.swift; path = AppDelegate.swift; sourceTree = "<group>"; };
		D4523AC52708367A00B19A8C /* SceneDelegate.swift */ = {isa = PBXFileReference; lastKnownFileType = sourcecode.swift; path = SceneDelegate.swift; sourceTree = "<group>"; };
		D4523AC72708367A00B19A8C /* ViewController.swift */ = {isa = PBXFileReference; lastKnownFileType = sourcecode.swift; path = ViewController.swift; sourceTree = "<group>"; };
		D4523ACA2708367A00B19A8C /* Base */ = {isa = PBXFileReference; lastKnownFileType = file.storyboard; name = Base; path = Base.lproj/Main.storyboard; sourceTree = "<group>"; };
		D4523ACC2708367B00B19A8C /* Assets.xcassets */ = {isa = PBXFileReference; lastKnownFileType = folder.assetcatalog; path = Assets.xcassets; sourceTree = "<group>"; };
		D4523ACF2708367B00B19A8C /* Base */ = {isa = PBXFileReference; lastKnownFileType = file.storyboard; name = Base; path = Base.lproj/LaunchScreen.storyboard; sourceTree = "<group>"; };
		D4523AD12708367B00B19A8C /* Info.plist */ = {isa = PBXFileReference; lastKnownFileType = text.plist.xml; path = Info.plist; sourceTree = "<group>"; };
		D4523AE2270837B200B19A8C /* .swiftlint.yml */ = {isa = PBXFileReference; lastKnownFileType = text.yaml; path = .swiftlint.yml; sourceTree = "<group>"; };
/* End PBXFileReference section */

/* Begin PBXFrameworksBuildPhase section */
		D4523ABD2708367A00B19A8C /* Frameworks */ = {
			isa = PBXFrameworksBuildPhase;
			buildActionMask = 2147483647;
			files = (
				D4523ADE270836EB00B19A8C /* Kingfisher in Frameworks */,
				D4523ADB270836DD00B19A8C /* Moya in Frameworks */,
				D4523AD9270836DD00B19A8C /* CombineMoya in Frameworks */,
				D4523AE1270836FA00B19A8C /* Then in Frameworks */,
			);
			runOnlyForDeploymentPostprocessing = 0;
		};
/* End PBXFrameworksBuildPhase section */

/* Begin PBXGroup section */
		D4523AB72708367A00B19A8C = {
			isa = PBXGroup;
			children = (
				D4523AC22708367A00B19A8C /* Seehyang */,
				D4523AC12708367A00B19A8C /* Products */,
			);
			sourceTree = "<group>";
		};
		D4523AC12708367A00B19A8C /* Products */ = {
			isa = PBXGroup;
			children = (
				D4523AC02708367A00B19A8C /* Seehyang.app */,
			);
			name = Products;
			sourceTree = "<group>";
		};
		D4523AC22708367A00B19A8C /* Seehyang */ = {
			isa = PBXGroup;
			children = (
				D4523AE2270837B200B19A8C /* .swiftlint.yml */,
				D4523AC32708367A00B19A8C /* AppDelegate.swift */,
				D4523AC52708367A00B19A8C /* SceneDelegate.swift */,
				D4523AC72708367A00B19A8C /* ViewController.swift */,
				D4523AC92708367A00B19A8C /* Main.storyboard */,
				D4523ACC2708367B00B19A8C /* Assets.xcassets */,
				D4523ACE2708367B00B19A8C /* LaunchScreen.storyboard */,
				D4523AD12708367B00B19A8C /* Info.plist */,
			);
			path = Seehyang;
			sourceTree = "<group>";
		};
/* End PBXGroup section */

/* Begin PBXNativeTarget section */
		D4523ABF2708367A00B19A8C /* Seehyang */ = {
			isa = PBXNativeTarget;
			buildConfigurationList = D4523AD42708367B00B19A8C /* Build configuration list for PBXNativeTarget "Seehyang" */;
			buildPhases = (
				D4523ABC2708367A00B19A8C /* Sources */,
				D4523ABD2708367A00B19A8C /* Frameworks */,
				D4523ABE2708367A00B19A8C /* Resources */,
			);
			buildRules = (
			);
			dependencies = (
			);
			name = Seehyang;
			packageProductDependencies = (
				D4523AD8270836DD00B19A8C /* CombineMoya */,
				D4523ADA270836DD00B19A8C /* Moya */,
				D4523ADD270836EB00B19A8C /* Kingfisher */,
				D4523AE0270836FA00B19A8C /* Then */,
			);
			productName = Seehyang;
			productReference = D4523AC02708367A00B19A8C /* Seehyang.app */;
			productType = "com.apple.product-type.application";
		};
/* End PBXNativeTarget section */

/* Begin PBXProject section */
		D4523AB82708367A00B19A8C /* Project object */ = {
			isa = PBXProject;
			attributes = {
				BuildIndependentTargetsInParallel = 1;
				LastSwiftUpdateCheck = 1300;
				LastUpgradeCheck = 1300;
				TargetAttributes = {
					D4523ABF2708367A00B19A8C = {
						CreatedOnToolsVersion = 13.0;
					};
				};
			};
			buildConfigurationList = D4523ABB2708367A00B19A8C /* Build configuration list for PBXProject "Seehyang" */;
			compatibilityVersion = "Xcode 13.0";
			developmentRegion = en;
			hasScannedForEncodings = 0;
			knownRegions = (
				en,
				Base,
			);
			mainGroup = D4523AB72708367A00B19A8C;
			packageReferences = (
				D4523AD7270836DD00B19A8C /* XCRemoteSwiftPackageReference "Moya" */,
				D4523ADC270836EB00B19A8C /* XCRemoteSwiftPackageReference "Kingfisher" */,
				D4523ADF270836FA00B19A8C /* XCRemoteSwiftPackageReference "Then" */,
			);
			productRefGroup = D4523AC12708367A00B19A8C /* Products */;
			projectDirPath = "";
			projectRoot = "";
			targets = (
				D4523ABF2708367A00B19A8C /* Seehyang */,
			);
		};
/* End PBXProject section */

/* Begin PBXResourcesBuildPhase section */
		D4523ABE2708367A00B19A8C /* Resources */ = {
			isa = PBXResourcesBuildPhase;
			buildActionMask = 2147483647;
			files = (
				D4523AE3270837B200B19A8C /* .swiftlint.yml in Resources */,
				D4523AD02708367B00B19A8C /* LaunchScreen.storyboard in Resources */,
				D4523ACD2708367B00B19A8C /* Assets.xcassets in Resources */,
				D4523ACB2708367A00B19A8C /* Main.storyboard in Resources */,
			);
			runOnlyForDeploymentPostprocessing = 0;
		};
/* End PBXResourcesBuildPhase section */

/* Begin PBXSourcesBuildPhase section */
		D4523ABC2708367A00B19A8C /* Sources */ = {
			isa = PBXSourcesBuildPhase;
			buildActionMask = 2147483647;
			files = (
				D4523AC82708367A00B19A8C /* ViewController.swift in Sources */,
				D4523AC42708367A00B19A8C /* AppDelegate.swift in Sources */,
				D4523AC62708367A00B19A8C /* SceneDelegate.swift in Sources */,
			);
			runOnlyForDeploymentPostprocessing = 0;
		};
/* End PBXSourcesBuildPhase section */

/* Begin PBXVariantGroup section */
		D4523AC92708367A00B19A8C /* Main.storyboard */ = {
			isa = PBXVariantGroup;
			children = (
				D4523ACA2708367A00B19A8C /* Base */,
			);
			name = Main.storyboard;
			sourceTree = "<group>";
		};
		D4523ACE2708367B00B19A8C /* LaunchScreen.storyboard */ = {
			isa = PBXVariantGroup;
			children = (
				D4523ACF2708367B00B19A8C /* Base */,
			);
			name = LaunchScreen.storyboard;
			sourceTree = "<group>";
		};
/* End PBXVariantGroup section */

/* Begin XCBuildConfiguration section */
		D4523AD22708367B00B19A8C /* Debug */ = {
			isa = XCBuildConfiguration;
			buildSettings = {
				ALWAYS_SEARCH_USER_PATHS = NO;
				CLANG_ANALYZER_NONNULL = YES;
				CLANG_ANALYZER_NUMBER_OBJECT_CONVERSION = YES_AGGRESSIVE;
				CLANG_CXX_LANGUAGE_STANDARD = "gnu++17";
				CLANG_CXX_LIBRARY = "libc++";
				CLANG_ENABLE_MODULES = YES;
				CLANG_ENABLE_OBJC_ARC = YES;
				CLANG_ENABLE_OBJC_WEAK = YES;
				CLANG_WARN_BLOCK_CAPTURE_AUTORELEASING = YES;
				CLANG_WARN_BOOL_CONVERSION = YES;
				CLANG_WARN_COMMA = YES;
				CLANG_WARN_CONSTANT_CONVERSION = YES;
				CLANG_WARN_DEPRECATED_OBJC_IMPLEMENTATIONS = YES;
				CLANG_WARN_DIRECT_OBJC_ISA_USAGE = YES_ERROR;
				CLANG_WARN_DOCUMENTATION_COMMENTS = YES;
				CLANG_WARN_EMPTY_BODY = YES;
				CLANG_WARN_ENUM_CONVERSION = YES;
				CLANG_WARN_INFINITE_RECURSION = YES;
				CLANG_WARN_INT_CONVERSION = YES;
				CLANG_WARN_NON_LITERAL_NULL_CONVERSION = YES;
				CLANG_WARN_OBJC_IMPLICIT_RETAIN_SELF = YES;
				CLANG_WARN_OBJC_LITERAL_CONVERSION = YES;
				CLANG_WARN_OBJC_ROOT_CLASS = YES_ERROR;
				CLANG_WARN_QUOTED_INCLUDE_IN_FRAMEWORK_HEADER = YES;
				CLANG_WARN_RANGE_LOOP_ANALYSIS = YES;
				CLANG_WARN_STRICT_PROTOTYPES = YES;
				CLANG_WARN_SUSPICIOUS_MOVE = YES;
				CLANG_WARN_UNGUARDED_AVAILABILITY = YES_AGGRESSIVE;
				CLANG_WARN_UNREACHABLE_CODE = YES;
				CLANG_WARN__DUPLICATE_METHOD_MATCH = YES;
				COPY_PHASE_STRIP = NO;
				DEBUG_INFORMATION_FORMAT = dwarf;
				ENABLE_STRICT_OBJC_MSGSEND = YES;
				ENABLE_TESTABILITY = YES;
				GCC_C_LANGUAGE_STANDARD = gnu11;
				GCC_DYNAMIC_NO_PIC = NO;
				GCC_NO_COMMON_BLOCKS = YES;
				GCC_OPTIMIZATION_LEVEL = 0;
				GCC_PREPROCESSOR_DEFINITIONS = (
					"DEBUG=1",
					"$(inherited)",
				);
				GCC_WARN_64_TO_32_BIT_CONVERSION = YES;
				GCC_WARN_ABOUT_RETURN_TYPE = YES_ERROR;
				GCC_WARN_UNDECLARED_SELECTOR = YES;
				GCC_WARN_UNINITIALIZED_AUTOS = YES_AGGRESSIVE;
				GCC_WARN_UNUSED_FUNCTION = YES;
				GCC_WARN_UNUSED_VARIABLE = YES;
				IPHONEOS_DEPLOYMENT_TARGET = 15.0;
				MTL_ENABLE_DEBUG_INFO = INCLUDE_SOURCE;
				MTL_FAST_MATH = YES;
				ONLY_ACTIVE_ARCH = YES;
				SDKROOT = iphoneos;
				SWIFT_ACTIVE_COMPILATION_CONDITIONS = DEBUG;
				SWIFT_OPTIMIZATION_LEVEL = "-Onone";
			};
			name = Debug;
		};
		D4523AD32708367B00B19A8C /* Release */ = {
			isa = XCBuildConfiguration;
			buildSettings = {
				ALWAYS_SEARCH_USER_PATHS = NO;
				CLANG_ANALYZER_NONNULL = YES;
				CLANG_ANALYZER_NUMBER_OBJECT_CONVERSION = YES_AGGRESSIVE;
				CLANG_CXX_LANGUAGE_STANDARD = "gnu++17";
				CLANG_CXX_LIBRARY = "libc++";
				CLANG_ENABLE_MODULES = YES;
				CLANG_ENABLE_OBJC_ARC = YES;
				CLANG_ENABLE_OBJC_WEAK = YES;
				CLANG_WARN_BLOCK_CAPTURE_AUTORELEASING = YES;
				CLANG_WARN_BOOL_CONVERSION = YES;
				CLANG_WARN_COMMA = YES;
				CLANG_WARN_CONSTANT_CONVERSION = YES;
				CLANG_WARN_DEPRECATED_OBJC_IMPLEMENTATIONS = YES;
				CLANG_WARN_DIRECT_OBJC_ISA_USAGE = YES_ERROR;
				CLANG_WARN_DOCUMENTATION_COMMENTS = YES;
				CLANG_WARN_EMPTY_BODY = YES;
				CLANG_WARN_ENUM_CONVERSION = YES;
				CLANG_WARN_INFINITE_RECURSION = YES;
				CLANG_WARN_INT_CONVERSION = YES;
				CLANG_WARN_NON_LITERAL_NULL_CONVERSION = YES;
				CLANG_WARN_OBJC_IMPLICIT_RETAIN_SELF = YES;
				CLANG_WARN_OBJC_LITERAL_CONVERSION = YES;
				CLANG_WARN_OBJC_ROOT_CLASS = YES_ERROR;
				CLANG_WARN_QUOTED_INCLUDE_IN_FRAMEWORK_HEADER = YES;
				CLANG_WARN_RANGE_LOOP_ANALYSIS = YES;
				CLANG_WARN_STRICT_PROTOTYPES = YES;
				CLANG_WARN_SUSPICIOUS_MOVE = YES;
				CLANG_WARN_UNGUARDED_AVAILABILITY = YES_AGGRESSIVE;
				CLANG_WARN_UNREACHABLE_CODE = YES;
				CLANG_WARN__DUPLICATE_METHOD_MATCH = YES;
				COPY_PHASE_STRIP = NO;
				DEBUG_INFORMATION_FORMAT = "dwarf-with-dsym";
				ENABLE_NS_ASSERTIONS = NO;
				ENABLE_STRICT_OBJC_MSGSEND = YES;
				GCC_C_LANGUAGE_STANDARD = gnu11;
				GCC_NO_COMMON_BLOCKS = YES;
				GCC_WARN_64_TO_32_BIT_CONVERSION = YES;
				GCC_WARN_ABOUT_RETURN_TYPE = YES_ERROR;
				GCC_WARN_UNDECLARED_SELECTOR = YES;
				GCC_WARN_UNINITIALIZED_AUTOS = YES_AGGRESSIVE;
				GCC_WARN_UNUSED_FUNCTION = YES;
				GCC_WARN_UNUSED_VARIABLE = YES;
				IPHONEOS_DEPLOYMENT_TARGET = 15.0;
				MTL_ENABLE_DEBUG_INFO = NO;
				MTL_FAST_MATH = YES;
				SDKROOT = iphoneos;
				SWIFT_COMPILATION_MODE = wholemodule;
				SWIFT_OPTIMIZATION_LEVEL = "-O";
				VALIDATE_PRODUCT = YES;
			};
			name = Release;
		};
		D4523AD52708367B00B19A8C /* Debug */ = {
			isa = XCBuildConfiguration;
			buildSettings = {
				ASSETCATALOG_COMPILER_APPICON_NAME = AppIcon;
				ASSETCATALOG_COMPILER_GLOBAL_ACCENT_COLOR_NAME = AccentColor;
				CODE_SIGN_STYLE = Automatic;
				CURRENT_PROJECT_VERSION = 1;
				DEVELOPMENT_TEAM = TZVHD77BLL;
				GENERATE_INFOPLIST_FILE = YES;
				INFOPLIST_FILE = Seehyang/Info.plist;
				INFOPLIST_KEY_UIApplicationSupportsIndirectInputEvents = YES;
				INFOPLIST_KEY_UILaunchStoryboardName = LaunchScreen;
				INFOPLIST_KEY_UIMainStoryboardFile = Main;
				INFOPLIST_KEY_UISupportedInterfaceOrientations_iPad = "UIInterfaceOrientationPortrait UIInterfaceOrientationPortraitUpsideDown UIInterfaceOrientationLandscapeLeft UIInterfaceOrientationLandscapeRight";
				INFOPLIST_KEY_UISupportedInterfaceOrientations_iPhone = "UIInterfaceOrientationPortrait UIInterfaceOrientationLandscapeLeft UIInterfaceOrientationLandscapeRight";
				LD_RUNPATH_SEARCH_PATHS = (
					"$(inherited)",
					"@executable_path/Frameworks",
				);
				MARKETING_VERSION = 1.0;
				PRODUCT_BUNDLE_IDENTIFIER = com.jy.Seehyang;
				PRODUCT_NAME = "$(TARGET_NAME)";
				SWIFT_EMIT_LOC_STRINGS = YES;
				SWIFT_VERSION = 5.0;
				TARGETED_DEVICE_FAMILY = "1,2";
			};
			name = Debug;
		};
		D4523AD62708367B00B19A8C /* Release */ = {
			isa = XCBuildConfiguration;
			buildSettings = {
				ASSETCATALOG_COMPILER_APPICON_NAME = AppIcon;
				ASSETCATALOG_COMPILER_GLOBAL_ACCENT_COLOR_NAME = AccentColor;
				CODE_SIGN_STYLE = Automatic;
				CURRENT_PROJECT_VERSION = 1;
				DEVELOPMENT_TEAM = TZVHD77BLL;
				GENERATE_INFOPLIST_FILE = YES;
				INFOPLIST_FILE = Seehyang/Info.plist;
				INFOPLIST_KEY_UIApplicationSupportsIndirectInputEvents = YES;
				INFOPLIST_KEY_UILaunchStoryboardName = LaunchScreen;
				INFOPLIST_KEY_UIMainStoryboardFile = Main;
				INFOPLIST_KEY_UISupportedInterfaceOrientations_iPad = "UIInterfaceOrientationPortrait UIInterfaceOrientationPortraitUpsideDown UIInterfaceOrientationLandscapeLeft UIInterfaceOrientationLandscapeRight";
				INFOPLIST_KEY_UISupportedInterfaceOrientations_iPhone = "UIInterfaceOrientationPortrait UIInterfaceOrientationLandscapeLeft UIInterfaceOrientationLandscapeRight";
				LD_RUNPATH_SEARCH_PATHS = (
					"$(inherited)",
					"@executable_path/Frameworks",
				);
				MARKETING_VERSION = 1.0;
				PRODUCT_BUNDLE_IDENTIFIER = com.jy.Seehyang;
				PRODUCT_NAME = "$(TARGET_NAME)";
				SWIFT_EMIT_LOC_STRINGS = YES;
				SWIFT_VERSION = 5.0;
				TARGETED_DEVICE_FAMILY = "1,2";
			};
			name = Release;
		};
/* End XCBuildConfiguration section */

/* Begin XCConfigurationList section */
		D4523ABB2708367A00B19A8C /* Build configuration list for PBXProject "Seehyang" */ = {
			isa = XCConfigurationList;
			buildConfigurations = (
				D4523AD22708367B00B19A8C /* Debug */,
				D4523AD32708367B00B19A8C /* Release */,
			);
			defaultConfigurationIsVisible = 0;
			defaultConfigurationName = Release;
		};
		D4523AD42708367B00B19A8C /* Build configuration list for PBXNativeTarget "Seehyang" */ = {
			isa = XCConfigurationList;
			buildConfigurations = (
				D4523AD52708367B00B19A8C /* Debug */,
				D4523AD62708367B00B19A8C /* Release */,
			);
			defaultConfigurationIsVisible = 0;
			defaultConfigurationName = Release;
		};
/* End XCConfigurationList section */

/* Begin XCRemoteSwiftPackageReference section */
		D4523AD7270836DD00B19A8C /* XCRemoteSwiftPackageReference "Moya" */ = {
			isa = XCRemoteSwiftPackageReference;
			repositoryURL = "https://github.com/Moya/Moya.git";
			requirement = {
				branch = master;
				kind = branch;
			};
		};
		D4523ADC270836EB00B19A8C /* XCRemoteSwiftPackageReference "Kingfisher" */ = {
			isa = XCRemoteSwiftPackageReference;
			repositoryURL = "https://github.com/onevcat/Kingfisher.git";
			requirement = {
				branch = master;
				kind = branch;
			};
		};
		D4523ADF270836FA00B19A8C /* XCRemoteSwiftPackageReference "Then" */ = {
			isa = XCRemoteSwiftPackageReference;
			repositoryURL = "https://github.com/devxoul/Then.git";
			requirement = {
				branch = master;
				kind = branch;
			};
		};
/* End XCRemoteSwiftPackageReference section */

/* Begin XCSwiftPackageProductDependency section */
		D4523AD8270836DD00B19A8C /* CombineMoya */ = {
			isa = XCSwiftPackageProductDependency;
			package = D4523AD7270836DD00B19A8C /* XCRemoteSwiftPackageReference "Moya" */;
			productName = CombineMoya;
		};
		D4523ADA270836DD00B19A8C /* Moya */ = {
			isa = XCSwiftPackageProductDependency;
			package = D4523AD7270836DD00B19A8C /* XCRemoteSwiftPackageReference "Moya" */;
			productName = Moya;
		};
		D4523ADD270836EB00B19A8C /* Kingfisher */ = {
			isa = XCSwiftPackageProductDependency;
			package = D4523ADC270836EB00B19A8C /* XCRemoteSwiftPackageReference "Kingfisher" */;
			productName = Kingfisher;
		};
		D4523AE0270836FA00B19A8C /* Then */ = {
			isa = XCSwiftPackageProductDependency;
			package = D4523ADF270836FA00B19A8C /* XCRemoteSwiftPackageReference "Then" */;
			productName = Then;
		};
/* End XCSwiftPackageProductDependency section */
	};
	rootObject = D4523AB82708367A00B19A8C /* Project object */;
}
